
Microsoft Visual Studio Solution File, Format Version 12.00
# Visual Studio Version 16
VisualStudioVersion = 16.0.30804.86
MinimumVisualStudioVersion = 10.0.40219.1
Project("{FAE04EC0-301F-11D3-BF4B-00C04F79EFBC}") = "BookFair", "BookFair.csproj", "{FC927F47-32B8-413B-9141-5AF192D33109}"
EndProject
Project("{FAE04EC0-301F-11D3-BF4B-00C04F79EFBC}") = "DAL", "..\DAL\DAL.csproj", "{8010F6B8-C831-4894-9CCB-3521A003D4E3}"
EndProject
Project("{FAE04EC0-301F-11D3-BF4B-00C04F79EFBC}") = "Common", "..\Common\Common.csproj", "{8444C201-1510-4FB8-82C0-D8F39267F3BD}"
EndProject
Project("{FAE04EC0-301F-11D3-BF4B-00C04F79EFBC}") = "ConsoleAppBookFair", "..\ConsoleAppBookFair\ConsoleAppBookFair.csproj", "{AE3B7E08-32BA-472F-80D7-B6D4FF36AF67}"
EndProject
Project("{FAE04EC0-301F-11D3-BF4B-00C04F79EFBC}") = "BookFairService", "..\BookFairService\BookFairService.csproj", "{D8243804-ED68-49BF-BB8C-0BAB9EA651FF}"
EndProject
Project("{FAE04EC0-301F-11D3-BF4B-00C04F79EFBC}") = "BookFairRepositories", "..\BookFairRepositories\BookFairRepositories.csproj", "{2C3A5082-16F6-4F5F-9C10-A2F313A84FCD}"
EndProject
Project("{FAE04EC0-301F-11D3-BF4B-00C04F79EFBC}") = "BookFairIoc", "..\BookFairIoc\BookFairIoc.csproj", "{2F836922-9D90-4035-AD00-3C01E73FF8D1}"
EndProject
Global
	GlobalSection(SolutionConfigurationPlatforms) = preSolution
		Debug|Any CPU = Debug|Any CPU
		Release|Any CPU = Release|Any CPU
	EndGlobalSection
	GlobalSection(ProjectConfigurationPlatforms) = postSolution
		{FC927F47-32B8-413B-9141-5AF192D33109}.Debug|Any CPU.ActiveCfg = Debug|Any CPU
		{FC927F47-32B8-413B-9141-5AF192D33109}.Debug|Any CPU.Build.0 = Debug|Any CPU
		{FC927F47-32B8-413B-9141-5AF192D33109}.Release|Any CPU.ActiveCfg = Release|Any CPU
		{FC927F47-32B8-413B-9141-5AF192D33109}.Release|Any CPU.Build.0 = Release|Any CPU
		{8010F6B8-C831-4894-9CCB-3521A003D4E3}.Debug|Any CPU.ActiveCfg = Debug|Any CPU
		{8010F6B8-C831-4894-9CCB-3521A003D4E3}.Debug|Any CPU.Build.0 = Debug|Any CPU
		{8010F6B8-C831-4894-9CCB-3521A003D4E3}.Release|Any CPU.ActiveCfg = Release|Any CPU
		{8010F6B8-C831-4894-9CCB-3521A003D4E3}.Release|Any CPU.Build.0 = Release|Any CPU
		{8444C201-1510-4FB8-82C0-D8F39267F3BD}.Debug|Any CPU.ActiveCfg = Debug|Any CPU
		{8444C201-1510-4FB8-82C0-D8F39267F3BD}.Debug|Any CPU.Build.0 = Debug|Any CPU
		{8444C201-1510-4FB8-82C0-D8F39267F3BD}.Release|Any CPU.ActiveCfg = Release|Any CPU
		{8444C201-1510-4FB8-82C0-D8F39267F3BD}.Release|Any CPU.Build.0 = Release|Any CPU
		{AE3B7E08-32BA-472F-80D7-B6D4FF36AF67}.Debug|Any CPU.ActiveCfg = Debug|Any CPU
		{AE3B7E08-32BA-472F-80D7-B6D4FF36AF67}.Debug|Any CPU.Build.0 = Debug|Any CPU
		{AE3B7E08-32BA-472F-80D7-B6D4FF36AF67}.Release|Any CPU.ActiveCfg = Release|Any CPU
		{AE3B7E08-32BA-472F-80D7-B6D4FF36AF67}.Release|Any CPU.Build.0 = Release|Any CPU
		{D8243804-ED68-49BF-BB8C-0BAB9EA651FF}.Debug|Any CPU.ActiveCfg = Debug|Any CPU
		{D8243804-ED68-49BF-BB8C-0BAB9EA651FF}.Debug|Any CPU.Build.0 = Debug|Any CPU
		{D8243804-ED68-49BF-BB8C-0BAB9EA651FF}.Release|Any CPU.ActiveCfg = Release|Any CPU
		{D8243804-ED68-49BF-BB8C-0BAB9EA651FF}.Release|Any CPU.Build.0 = Release|Any CPU
		{2C3A5082-16F6-4F5F-9C10-A2F313A84FCD}.Debug|Any CPU.ActiveCfg = Debug|Any CPU
		{2C3A5082-16F6-4F5F-9C10-A2F313A84FCD}.Debug|Any CPU.Build.0 = Debug|Any CPU
		{2C3A5082-16F6-4F5F-9C10-A2F313A84FCD}.Release|Any CPU.ActiveCfg = Release|Any CPU
		{2C3A5082-16F6-4F5F-9C10-A2F313A84FCD}.Release|Any CPU.Build.0 = Release|Any CPU
		{2F836922-9D90-4035-AD00-3C01E73FF8D1}.Debug|Any CPU.ActiveCfg = Debug|Any CPU
		{2F836922-9D90-4035-AD00-3C01E73FF8D1}.Debug|Any CPU.Build.0 = Debug|Any CPU
		{2F836922-9D90-4035-AD00-3C01E73FF8D1}.Release|Any CPU.ActiveCfg = Release|Any CPU
		{2F836922-9D90-4035-AD00-3C01E73FF8D1}.Release|Any CPU.Build.0 = Release|Any CPU
	EndGlobalSection
	GlobalSection(SolutionProperties) = preSolution
		HideSolutionNode = FALSE
	EndGlobalSection
	GlobalSection(ExtensibilityGlobals) = postSolution
		SolutionGuid = {3614DC40-F004-49B9-B768-9AA224CBB623}
	EndGlobalSection
EndGlobal
